<?xml version="1.0" encoding="utf-8"?>
<Project ToolsVersion="4.0" xmlns="http://schemas.microsoft.com/developer/msbuild/2003">
  <ItemGroup>
    <Filter Include="audio">
      <UniqueIdentifier>{B7281C0F-233D-44C0-ECBE-E71F589240F1}</UniqueIdentifier>
    </Filter>
    <Filter Include="core">
      <UniqueIdentifier>{4E40957C-3A77-960D-E363-7C10CF79120F}</UniqueIdentifier>
    </Filter>
    <Filter Include="environment">
      <UniqueIdentifier>{3AC24330-A677-BC25-2F6C-B6FC9B20B329}</UniqueIdentifier>
    </Filter>
    <Filter Include="rendering">
      <UniqueIdentifier>{03CFAD0B-6F39-6282-B877-1328242140D7}</UniqueIdentifier>
    </Filter>
    <Filter Include="scene">
      <UniqueIdentifier>{D3075810-3F1C-80C1-089E-232174717CF2}</UniqueIdentifier>
    </Filter>
    <Filter Include="scene\components">
      <UniqueIdentifier>{28A7FA07-14A0-195A-3DD2-FEDE292AF965}</UniqueIdentifier>
    </Filter>
    <Filter Include="scene\renderpasses">
      <UniqueIdentifier>{115E2D3A-FD41-EE8F-66A2-E8E252A5D811}</UniqueIdentifier>
    </Filter>
  </ItemGroup>
  <ItemGroup>
    <ClInclude Include="source\Helper.h" />
    <ClInclude Include="source\Ivy.h" />
    <ClInclude Include="source\Types.h" />
    <ClInclude Include="source\audio\AudioContext.h">
      <Filter>audio</Filter>
    </ClInclude>
    <ClInclude Include="source\core\AsyncWorker.h">
      <Filter>core</Filter>
    </ClInclude>
    <ClInclude Include="source\core\Engine.h">
      <Filter>core</Filter>
    </ClInclude>
    <ClInclude Include="source\core\Timer.h">
      <Filter>core</Filter>
    </ClInclude>
    <ClInclude Include="source\environment\Input.h">
      <Filter>environment</Filter>
    </ClInclude>
    <ClInclude Include="source\environment\KeyCodes.h">
      <Filter>environment</Filter>
    </ClInclude>
    <ClInclude Include="source\environment\Log.h">
      <Filter>environment</Filter>
    </ClInclude>
    <ClInclude Include="source\environment\LogFormatters.h">
      <Filter>environment</Filter>
    </ClInclude>
    <ClInclude Include="source\environment\Window.h">
      <Filter>environment</Filter>
    </ClInclude>
    <ClInclude Include="source\ivypch.h" />
    <ClInclude Include="source\rendering\Buffer.h">
      <Filter>rendering</Filter>
    </ClInclude>
    <ClInclude Include="source\rendering\BufferLayout.h">
      <Filter>rendering</Filter>
    </ClInclude>
    <ClInclude Include="source\rendering\Framebuffer.h">
      <Filter>rendering</Filter>
    </ClInclude>
    <ClInclude Include="source\rendering\ImGuiHook.h">
      <Filter>rendering</Filter>
    </ClInclude>
    <ClInclude Include="source\rendering\Line.h">
      <Filter>rendering</Filter>
    </ClInclude>
    <ClInclude Include="source\rendering\Renderer.h">
      <Filter>rendering</Filter>
    </ClInclude>
    <ClInclude Include="source\rendering\Shader.h">
      <Filter>rendering</Filter>
    </ClInclude>
    <ClInclude Include="source\rendering\Terrain.h">
      <Filter>rendering</Filter>
    </ClInclude>
    <ClInclude Include="source\rendering\Texture.h">
      <Filter>rendering</Filter>
    </ClInclude>
    <ClInclude Include="source\rendering\VertexArray.h">
      <Filter>rendering</Filter>
    </ClInclude>
    <ClInclude Include="source\scene\Camera.h">
      <Filter>scene</Filter>
    </ClInclude>
    <ClInclude Include="source\scene\Entity.h">
      <Filter>scene</Filter>
    </ClInclude>
    <ClInclude Include="source\scene\Light.h">
      <Filter>scene</Filter>
    </ClInclude>
    <ClInclude Include="source\scene\Scene.h">
      <Filter>scene</Filter>
    </ClInclude>
    <ClInclude Include="source\scene\SceneManager.h">
      <Filter>scene</Filter>
    </ClInclude>
    <ClInclude Include="source\scene\components\AudioClip.h">
      <Filter>scene\components</Filter>
    </ClInclude>
    <ClInclude Include="source\scene\components\AudioListener.h">
      <Filter>scene\components</Filter>
    </ClInclude>
    <ClInclude Include="source\scene\components\Component.h">
      <Filter>scene\components</Filter>
    </ClInclude>
    <ClInclude Include="source\scene\components\Material.h">
      <Filter>scene\components</Filter>
    </ClInclude>
    <ClInclude Include="source\scene\components\Mesh.h">
      <Filter>scene\components</Filter>
    </ClInclude>
    <ClInclude Include="source\scene\components\TerrainMaterial.h">
      <Filter>scene\components</Filter>
    </ClInclude>
    <ClInclude Include="source\scene\components\Transform.h">
      <Filter>scene\components</Filter>
    </ClInclude>
    <ClInclude Include="source\scene\renderpasses\PostprocessingRenderPass.h">
      <Filter>scene\renderpasses</Filter>
    </ClInclude>
    <ClInclude Include="source\scene\renderpasses\SceneRenderPass.h">
      <Filter>scene\renderpasses</Filter>
    </ClInclude>
    <ClInclude Include="source\scene\renderpasses\ShadowRenderPass.h">
      <Filter>scene\renderpasses</Filter>
    </ClInclude>
    <ClInclude Include="source\scene\components\AudioClip3D.h" />
    <ClInclude Include="source\scene\renderpasses\skymodels\SkyModel.h" />
    <ClInclude Include="source\scene\renderpasses\skymodels\HosekWilkieSkyModel.h" />
    <ClInclude Include="source\scene\renderpasses\skymodels\HosekDataRGB.h" />
  </ItemGroup>
  <ItemGroup>
    <ClCompile Include="source\audio\AudioContext.cpp">
      <Filter>audio</Filter>
    </ClCompile>
    <ClCompile Include="source\core\Engine.cpp">
      <Filter>core</Filter>
    </ClCompile>
    <ClCompile Include="source\environment\Input.cpp">
      <Filter>environment</Filter>
    </ClCompile>
    <ClCompile Include="source\environment\Log.cpp">
      <Filter>environment</Filter>
    </ClCompile>
    <ClCompile Include="source\environment\Window.cpp">
      <Filter>environment</Filter>
    </ClCompile>
    <ClCompile Include="source\ivypch.cpp" />
    <ClCompile Include="source\rendering\Buffer.cpp">
      <Filter>rendering</Filter>
    </ClCompile>
    <ClCompile Include="source\rendering\Framebuffer.cpp">
      <Filter>rendering</Filter>
    </ClCompile>
    <ClCompile Include="source\rendering\ImGuiHook.cpp">
      <Filter>rendering</Filter>
    </ClCompile>
    <ClCompile Include="source\rendering\Line.cpp">
      <Filter>rendering</Filter>
    </ClCompile>
    <ClCompile Include="source\rendering\Renderer.cpp">
      <Filter>rendering</Filter>
    </ClCompile>
    <ClCompile Include="source\rendering\Shader.cpp">
      <Filter>rendering</Filter>
    </ClCompile>
    <ClCompile Include="source\rendering\Terrain.cpp">
      <Filter>rendering</Filter>
    </ClCompile>
    <ClCompile Include="source\rendering\Texture.cpp">
      <Filter>rendering</Filter>
    </ClCompile>
    <ClCompile Include="source\rendering\VertexArray.cpp">
      <Filter>rendering</Filter>
    </ClCompile>
    <ClCompile Include="source\scene\Camera.cpp">
      <Filter>scene</Filter>
    </ClCompile>
    <ClCompile Include="source\scene\Entity.cpp">
      <Filter>scene</Filter>
    </ClCompile>
    <ClCompile Include="source\scene\Scene.cpp">
      <Filter>scene</Filter>
    </ClCompile>
    <ClCompile Include="source\scene\SceneManager.cpp">
      <Filter>scene</Filter>
    </ClCompile>
    <ClCompile Include="source\scene\components\AudioClip.cpp">
      <Filter>scene\components</Filter>
    </ClCompile>
    <ClCompile Include="source\scene\components\AudioListener.cpp">
      <Filter>scene\components</Filter>
    </ClCompile>
    <ClCompile Include="source\scene\components\Material.cpp">
      <Filter>scene\components</Filter>
    </ClCompile>
    <ClCompile Include="source\scene\components\Mesh.cpp">
      <Filter>scene\components</Filter>
    </ClCompile>
    <ClCompile Include="source\scene\components\TerrainMaterial.cpp">
      <Filter>scene\components</Filter>
    </ClCompile>
    <ClCompile Include="source\scene\renderpasses\PostprocessingRenderPass.cpp">
      <Filter>scene\renderpasses</Filter>
    </ClCompile>
    <ClCompile Include="source\scene\renderpasses\SceneRenderPass.cpp">
      <Filter>scene\renderpasses</Filter>
    </ClCompile>
    <ClCompile Include="source\scene\renderpasses\ShadowRenderPass.cpp">
      <Filter>scene\renderpasses</Filter>
    </ClCompile>
    <ClCompile Include="source\scene\components\AudioClip3D.cpp" />
    <ClCompile Include="source\scene\renderpasses\skymodels\HosekWilkieSkyModel.cpp" />
  </ItemGroup>
</Project>